// !$*UTF8*$!
{
	archiveVersion = 1;
	classes = {
	};
	objectVersion = 46;
	objects = {

/* Begin PBXBuildFile section */
		D5E2A3F919A60840004AB4D0 /* Foundation.framework in Frameworks */ = {isa = PBXBuildFile; fileRef = D5E2A3F819A60840004AB4D0 /* Foundation.framework */; };
		D5E2A3FB19A60840004AB4D0 /* CoreGraphics.framework in Frameworks */ = {isa = PBXBuildFile; fileRef = D5E2A3FA19A60840004AB4D0 /* CoreGraphics.framework */; };
		D5E2A3FD19A60840004AB4D0 /* UIKit.framework in Frameworks */ = {isa = PBXBuildFile; fileRef = D5E2A3FC19A60840004AB4D0 /* UIKit.framework */; };
		D5E2A40319A60840004AB4D0 /* InfoPlist.strings in Resources */ = {isa = PBXBuildFile; fileRef = D5E2A40119A60840004AB4D0 /* InfoPlist.strings */; };
		D5E2A40519A60840004AB4D0 /* main.m in Sources */ = {isa = PBXBuildFile; fileRef = D5E2A40419A60840004AB4D0 /* main.m */; };
		D5E2A40919A60840004AB4D0 /* GIGAppDelegate.m in Sources */ = {isa = PBXBuildFile; fileRef = D5E2A40819A60840004AB4D0 /* GIGAppDelegate.m */; };
		D5E2A40C19A60840004AB4D0 /* Main.storyboard in Resources */ = {isa = PBXBuildFile; fileRef = D5E2A40A19A60840004AB4D0 /* Main.storyboard */; };
		D5E2A40F19A60840004AB4D0 /* GIGViewController.m in Sources */ = {isa = PBXBuildFile; fileRef = D5E2A40E19A60840004AB4D0 /* GIGViewController.m */; };
		D5E2A41119A60840004AB4D0 /* Images.xcassets in Resources */ = {isa = PBXBuildFile; fileRef = D5E2A41019A60840004AB4D0 /* Images.xcassets */; };
		D5E2A41819A60840004AB4D0 /* XCTest.framework in Frameworks */ = {isa = PBXBuildFile; fileRef = D5E2A41719A60840004AB4D0 /* XCTest.framework */; };
		D5E2A41919A60840004AB4D0 /* Foundation.framework in Frameworks */ = {isa = PBXBuildFile; fileRef = D5E2A3F819A60840004AB4D0 /* Foundation.framework */; };
		D5E2A41A19A60840004AB4D0 /* UIKit.framework in Frameworks */ = {isa = PBXBuildFile; fileRef = D5E2A3FC19A60840004AB4D0 /* UIKit.framework */; };
		D5E2A42219A60840004AB4D0 /* InfoPlist.strings in Resources */ = {isa = PBXBuildFile; fileRef = D5E2A42019A60840004AB4D0 /* InfoPlist.strings */; };
		D5E2A42419A60840004AB4D0 /* YourAppTests.m in Sources */ = {isa = PBXBuildFile; fileRef = D5E2A42319A60840004AB4D0 /* YourAppTests.m */; };
		D5E2A43619A608B1004AB4D0 /* libYourFramework.a in Frameworks */ = {isa = PBXBuildFile; fileRef = D5E2A43319A6088C004AB4D0 /* libYourFramework.a */; };
/* End PBXBuildFile section */

/* Begin PBXContainerItemProxy section */
		D5E2A41B19A60840004AB4D0 /* PBXContainerItemProxy */ = {
			isa = PBXContainerItemProxy;
			containerPortal = D5E2A3ED19A60840004AB4D0 /* Project object */;
			proxyType = 1;
			remoteGlobalIDString = D5E2A3F419A60840004AB4D0;
			remoteInfo = YourApp;
		};
		D5E2A43219A6088C004AB4D0 /* PBXContainerItemProxy */ = {
			isa = PBXContainerItemProxy;
			containerPortal = D5E2A42D19A6088C004AB4D0 /* YourFramework.xcodeproj */;
			proxyType = 2;
			remoteGlobalIDString = D5E2A3B719A60608004AB4D0;
			remoteInfo = YourFramework;
		};
		D5E2A43419A6089F004AB4D0 /* PBXContainerItemProxy */ = {
			isa = PBXContainerItemProxy;
			containerPortal = D5E2A42D19A6088C004AB4D0 /* YourFramework.xcodeproj */;
			proxyType = 1;
			remoteGlobalIDString = D5E2A3E319A60755004AB4D0;
			remoteInfo = Universal;
		};
/* End PBXContainerItemProxy section */

/* Begin PBXFileReference section */
		D5E2A3F519A60840004AB4D0 /* YourApp.app */ = {isa = PBXFileReference; explicitFileType = wrapper.application; includeInIndex = 0; path = YourApp.app; sourceTree = BUILT_PRODUCTS_DIR; };
		D5E2A3F819A60840004AB4D0 /* Foundation.framework */ = {isa = PBXFileReference; lastKnownFileType = wrapper.framework; name = Foundation.framework; path = System/Library/Frameworks/Foundation.framework; sourceTree = SDKROOT; };
		D5E2A3FA19A60840004AB4D0 /* CoreGraphics.framework */ = {isa = PBXFileReference; lastKnownFileType = wrapper.framework; name = CoreGraphics.framework; path = System/Library/Frameworks/CoreGraphics.framework; sourceTree = SDKROOT; };
		D5E2A3FC19A60840004AB4D0 /* UIKit.framework */ = {isa = PBXFileReference; lastKnownFileType = wrapper.framework; name = UIKit.framework; path = System/Library/Frameworks/UIKit.framework; sourceTree = SDKROOT; };
		D5E2A40019A60840004AB4D0 /* YourApp-Info.plist */ = {isa = PBXFileReference; lastKnownFileType = text.plist.xml; path = "YourApp-Info.plist"; sourceTree = "<group>"; };
		D5E2A40219A60840004AB4D0 /* en */ = {isa = PBXFileReference; lastKnownFileType = text.plist.strings; name = en; path = en.lproj/InfoPlist.strings; sourceTree = "<group>"; };
		D5E2A40419A60840004AB4D0 /* main.m */ = {isa = PBXFileReference; lastKnownFileType = sourcecode.c.objc; path = main.m; sourceTree = "<group>"; };
		D5E2A40619A60840004AB4D0 /* YourApp-Prefix.pch */ = {isa = PBXFileReference; lastKnownFileType = sourcecode.c.h; path = "YourApp-Prefix.pch"; sourceTree = "<group>"; };
		D5E2A40719A60840004AB4D0 /* GIGAppDelegate.h */ = {isa = PBXFileReference; lastKnownFileType = sourcecode.c.h; path = GIGAppDelegate.h; sourceTree = "<group>"; };
		D5E2A40819A60840004AB4D0 /* GIGAppDelegate.m */ = {isa = PBXFileReference; lastKnownFileType = sourcecode.c.objc; path = GIGAppDelegate.m; sourceTree = "<group>"; };
		D5E2A40B19A60840004AB4D0 /* Base */ = {isa = PBXFileReference; lastKnownFileType = file.storyboard; name = Base; path = Base.lproj/Main.storyboard; sourceTree = "<group>"; };
		D5E2A40D19A60840004AB4D0 /* GIGViewController.h */ = {isa = PBXFileReference; lastKnownFileType = sourcecode.c.h; path = GIGViewController.h; sourceTree = "<group>"; };
		D5E2A40E19A60840004AB4D0 /* GIGViewController.m */ = {isa = PBXFileReference; lastKnownFileType = sourcecode.c.objc; path = GIGViewController.m; sourceTree = "<group>"; };
		D5E2A41019A60840004AB4D0 /* Images.xcassets */ = {isa = PBXFileReference; lastKnownFileType = folder.assetcatalog; path = Images.xcassets; sourceTree = "<group>"; };
		D5E2A41619A60840004AB4D0 /* YourAppTests.xctest */ = {isa = PBXFileReference; explicitFileType = wrapper.cfbundle; includeInIndex = 0; path = YourAppTests.xctest; sourceTree = BUILT_PRODUCTS_DIR; };
		D5E2A41719A60840004AB4D0 /* XCTest.framework */ = {isa = PBXFileReference; lastKnownFileType = wrapper.framework; name = XCTest.framework; path = Library/Frameworks/XCTest.framework; sourceTree = DEVELOPER_DIR; };
		D5E2A41F19A60840004AB4D0 /* YourAppTests-Info.plist */ = {isa = PBXFileReference; lastKnownFileType = text.plist.xml; path = "YourAppTests-Info.plist"; sourceTree = "<group>"; };
		D5E2A42119A60840004AB4D0 /* en */ = {isa = PBXFileReference; lastKnownFileType = text.plist.strings; name = en; path = en.lproj/InfoPlist.strings; sourceTree = "<group>"; };
		D5E2A42319A60840004AB4D0 /* YourAppTests.m */ = {isa = PBXFileReference; lastKnownFileType = sourcecode.c.objc; path = YourAppTests.m; sourceTree = "<group>"; };
		D5E2A42D19A6088C004AB4D0 /* YourFramework.xcodeproj */ = {isa = PBXFileReference; lastKnownFileType = "wrapper.pb-project"; name = YourFramework.xcodeproj; path = YourFramework/YourFramework.xcodeproj; sourceTree = "<group>"; };
/* End PBXFileReference section */

/* Begin PBXFrameworksBuildPhase section */
		D5E2A3F219A60840004AB4D0 /* Frameworks */ = {
			isa = PBXFrameworksBuildPhase;
			buildActionMask = 2147483647;
			files = (
				D5E2A43619A608B1004AB4D0 /* libYourFramework.a in Frameworks */,
				D5E2A3FB19A60840004AB4D0 /* CoreGraphics.framework in Frameworks */,
				D5E2A3FD19A60840004AB4D0 /* UIKit.framework in Frameworks */,
				D5E2A3F919A60840004AB4D0 /* Foundation.framework in Frameworks */,
			);
			runOnlyForDeploymentPostprocessing = 0;
		};
		D5E2A41319A60840004AB4D0 /* Frameworks */ = {
			isa = PBXFrameworksBuildPhase;
			buildActionMask = 2147483647;
			files = (
				D5E2A41819A60840004AB4D0 /* XCTest.framework in Frameworks */,
				D5E2A41A19A60840004AB4D0 /* UIKit.framework in Frameworks */,
				D5E2A41919A60840004AB4D0 /* Foundation.framework in Frameworks */,
			);
			runOnlyForDeploymentPostprocessing = 0;
		};
/* End PBXFrameworksBuildPhase section */

/* Begin PBXGroup section */
		D5E2A3EC19A60840004AB4D0 = {
			isa = PBXGroup;
			children = (
				D5E2A3FE19A60840004AB4D0 /* YourApp */,
				D5E2A41D19A60840004AB4D0 /* YourAppTests */,
				D5E2A3F719A60840004AB4D0 /* Frameworks */,
				D5E2A3F619A60840004AB4D0 /* Products */,
			);
			sourceTree = "<group>";
		};
		D5E2A3F619A60840004AB4D0 /* Products */ = {
			isa = PBXGroup;
			children = (
				D5E2A3F519A60840004AB4D0 /* YourApp.app */,
				D5E2A41619A60840004AB4D0 /* YourAppTests.xctest */,
			);
			name = Products;
			sourceTree = "<group>";
		};
		D5E2A3F719A60840004AB4D0 /* Frameworks */ = {
			isa = PBXGroup;
			children = (
				D5E2A42D19A6088C004AB4D0 /* YourFramework.xcodeproj */,
				D5E2A3F819A60840004AB4D0 /* Foundation.framework */,
				D5E2A3FA19A60840004AB4D0 /* CoreGraphics.framework */,
				D5E2A3FC19A60840004AB4D0 /* UIKit.framework */,
				D5E2A41719A60840004AB4D0 /* XCTest.framework */,
			);
			name = Frameworks;
			sourceTree = "<group>";
		};
		D5E2A3FE19A60840004AB4D0 /* YourApp */ = {
			isa = PBXGroup;
			children = (
				D5E2A40719A60840004AB4D0 /* GIGAppDelegate.h */,
				D5E2A40819A60840004AB4D0 /* GIGAppDelegate.m */,
				D5E2A40A19A60840004AB4D0 /* Main.storyboard */,
				D5E2A40D19A60840004AB4D0 /* GIGViewController.h */,
				D5E2A40E19A60840004AB4D0 /* GIGViewController.m */,
				D5E2A41019A60840004AB4D0 /* Images.xcassets */,
				D5E2A3FF19A60840004AB4D0 /* Supporting Files */,
			);
			path = YourApp;
			sourceTree = "<group>";
		};
		D5E2A3FF19A60840004AB4D0 /* Supporting Files */ = {
			isa = PBXGroup;
			children = (
				D5E2A40019A60840004AB4D0 /* YourApp-Info.plist */,
				D5E2A40119A60840004AB4D0 /* InfoPlist.strings */,
				D5E2A40419A60840004AB4D0 /* main.m */,
				D5E2A40619A60840004AB4D0 /* YourApp-Prefix.pch */,
			);
			name = "Supporting Files";
			sourceTree = "<group>";
		};
		D5E2A41D19A60840004AB4D0 /* YourAppTests */ = {
			isa = PBXGroup;
			children = (
				D5E2A42319A60840004AB4D0 /* YourAppTests.m */,
				D5E2A41E19A60840004AB4D0 /* Supporting Files */,
			);
			path = YourAppTests;
			sourceTree = "<group>";
		};
		D5E2A41E19A60840004AB4D0 /* Supporting Files */ = {
			isa = PBXGroup;
			children = (
				D5E2A41F19A60840004AB4D0 /* YourAppTests-Info.plist */,
				D5E2A42019A60840004AB4D0 /* InfoPlist.strings */,
			);
			name = "Supporting Files";
			sourceTree = "<group>";
		};
		D5E2A42E19A6088C004AB4D0 /* Products */ = {
			isa = PBXGroup;
			children = (
				D5E2A43319A6088C004AB4D0 /* libYourFramework.a */,
			);
			name = Products;
			sourceTree = "<group>";
		};
/* End PBXGroup section */

/* Begin PBXNativeTarget section */
		D5E2A3F419A60840004AB4D0 /* YourApp */ = {
			isa = PBXNativeTarget;
			buildConfigurationList = D5E2A42719A60840004AB4D0 /* Build configuration list for PBXNativeTarget "YourApp" */;
			buildPhases = (
				D5E2A3F119A60840004AB4D0 /* Sources */,
				D5E2A3F219A60840004AB4D0 /* Frameworks */,
				D5E2A3F319A60840004AB4D0 /* Resources */,
			);
			buildRules = (
			);
			dependencies = (
				D5E2A43519A6089F004AB4D0 /* PBXTargetDependency */,
			);
			name = YourApp;
			productName = YourApp;
			productReference = D5E2A3F519A60840004AB4D0 /* YourApp.app */;
			productType = "com.apple.product-type.application";
		};
		D5E2A41519A60840004AB4D0 /* YourAppTests */ = {
			isa = PBXNativeTarget;
			buildConfigurationList = D5E2A42A19A60840004AB4D0 /* Build configuration list for PBXNativeTarget "YourAppTests" */;
			buildPhases = (
				D5E2A41219A60840004AB4D0 /* Sources */,
				D5E2A41319A60840004AB4D0 /* Frameworks */,
				D5E2A41419A60840004AB4D0 /* Resources */,
			);
			buildRules = (
			);
			dependencies = (
				D5E2A41C19A60840004AB4D0 /* PBXTargetDependency */,
			);
			name = YourAppTests;
			productName = YourAppTests;
			productReference = D5E2A41619A60840004AB4D0 /* YourAppTests.xctest */;
			productType = "com.apple.product-type.bundle.unit-test";
		};
/* End PBXNativeTarget section */

/* Begin PBXProject section */
		D5E2A3ED19A60840004AB4D0 /* Project object */ = {
			isa = PBXProject;
			attributes = {
				CLASSPREFIX = GIG;
				LastUpgradeCheck = 0510;
				ORGANIZATIONNAME = Gigigo;
				TargetAttributes = {
					D5E2A41519A60840004AB4D0 = {
						TestTargetID = D5E2A3F419A60840004AB4D0;
					};
				};
			};
			buildConfigurationList = D5E2A3F019A60840004AB4D0 /* Build configuration list for PBXProject "YourApp" */;
			compatibilityVersion = "Xcode 3.2";
			developmentRegion = English;
			hasScannedForEncodings = 0;
			knownRegions = (
				en,
				Base,
			);
			mainGroup = D5E2A3EC19A60840004AB4D0;
			productRefGroup = D5E2A3F619A60840004AB4D0 /* Products */;
			projectDirPath = "";
			projectReferences = (
				{
					ProductGroup = D5E2A42E19A6088C004AB4D0 /* Products */;
					ProjectRef = D5E2A42D19A6088C004AB4D0 /* YourFramework.xcodeproj */;
				},
			);
			projectRoot = "";
			targets = (
				D5E2A3F419A60840004AB4D0 /* YourApp */,
				D5E2A41519A60840004AB4D0 /* YourAppTests */,
			);
		};
/* End PBXProject section */

/* Begin PBXReferenceProxy section */
		D5E2A43319A6088C004AB4D0 /* libYourFramework.a */ = {
			isa = PBXReferenceProxy;
			fileType = archive.ar;
			path = libYourFramework.a;
			remoteRef = D5E2A43219A6088C004AB4D0 /* PBXContainerItemProxy */;
			sourceTree = BUILT_PRODUCTS_DIR;
		};
/* End PBXReferenceProxy section */

/* Begin PBXResourcesBuildPhase section */
		D5E2A3F319A60840004AB4D0 /* Resources */ = {
			isa = PBXResourcesBuildPhase;
			buildActionMask = 2147483647;
			files = (
				D5E2A41119A60840004AB4D0 /* Images.xcassets in Resources */,
				D5E2A40319A60840004AB4D0 /* InfoPlist.strings in Resources */,
				D5E2A40C19A60840004AB4D0 /* Main.storyboard in Resources */,
			);
			runOnlyForDeploymentPostprocessing = 0;
		};
		D5E2A41419A60840004AB4D0 /* Resources */ = {
			isa = PBXResourcesBuildPhase;
			buildActionMask = 2147483647;
			files = (
				D5E2A42219A60840004AB4D0 /* InfoPlist.strings in Resources */,
			);
			runOnlyForDeploymentPostprocessing = 0;
		};
/* End PBXResourcesBuildPhase section */

/* Begin PBXSourcesBuildPhase section */
		D5E2A3F119A60840004AB4D0 /* Sources */ = {
			isa = PBXSourcesBuildPhase;
			buildActionMask = 2147483647;
			files = (
				D5E2A40F19A60840004AB4D0 /* GIGViewController.m in Sources */,
				D5E2A40919A60840004AB4D0 /* GIGAppDelegate.m in Sources */,
				D5E2A40519A60840004AB4D0 /* main.m in Sources */,
			);
			runOnlyForDeploymentPostprocessing = 0;
		};
		D5E2A41219A60840004AB4D0 /* Sources */ = {
			isa = PBXSourcesBuildPhase;
			buildActionMask = 2147483647;
			files = (
				D5E2A42419A60840004AB4D0 /* YourAppTests.m in Sources */,
			);
			runOnlyForDeploymentPostprocessing = 0;
		};
/* End PBXSourcesBuildPhase section */

/* Begin PBXTargetDependency section */
		D5E2A41C19A60840004AB4D0 /* PBXTargetDependency */ = {
			isa = PBXTargetDependency;
			target = D5E2A3F419A60840004AB4D0 /* YourApp */;
			targetProxy = D5E2A41B19A60840004AB4D0 /* PBXContainerItemProxy */;
		};
		D5E2A43519A6089F004AB4D0 /* PBXTargetDependency */ = {
			isa = PBXTargetDependency;
			name = Universal;
			targetProxy = D5E2A43419A6089F004AB4D0 /* PBXContainerItemProxy */;
		};
/* End PBXTargetDependency section */

/* Begin PBXVariantGroup section */
		D5E2A40119A60840004AB4D0 /* InfoPlist.strings */ = {
			isa = PBXVariantGroup;
			children = (
				D5E2A40219A60840004AB4D0 /* en */,
			);
			name = InfoPlist.strings;
			sourceTree = "<group>";
		};
		D5E2A40A19A60840004AB4D0 /* Main.storyboard */ = {
			isa = PBXVariantGroup;
			children = (
				D5E2A40B19A60840004AB4D0 /* Base */,
			);
			name = Main.storyboard;
			sourceTree = "<group>";
		};
		D5E2A42019A60840004AB4D0 /* InfoPlist.strings */ = {
			isa = PBXVariantGroup;
			children = (
				D5E2A42119A60840004AB4D0 /* en */,
			);
			name = InfoPlist.strings;
			sourceTree = "<group>";
		};
/* End PBXVariantGroup section */

/* Begin XCBuildConfiguration section */
		D5E2A42519A60840004AB4D0 /* Debug */ = {
			isa = XCBuildConfiguration;
			buildSettings = {
				ALWAYS_SEARCH_USER_PATHS = NO;
				CLANG_CXX_LANGUAGE_STANDARD = "gnu++0x";
				CLANG_CXX_LIBRARY = "libc++";
				CLANG_ENABLE_MODULES = YES;
				CLANG_ENABLE_OBJC_ARC = YES;
				CLANG_WARN_BOOL_CONVERSION = YES;
				CLANG_WARN_CONSTANT_CONVERSION = YES;
				CLANG_WARN_DIRECT_OBJC_ISA_USAGE = YES_ERROR;
				CLANG_WARN_EMPTY_BODY = YES;
				CLANG_WARN_ENUM_CONVERSION = YES;
				CLANG_WARN_INT_CONVERSION = YES;
				CLANG_WARN_OBJC_ROOT_CLASS = YES_ERROR;
				CLANG_WARN__DUPLICATE_METHOD_MATCH = YES;
				"CODE_SIGN_IDENTITY[sdk=iphoneos*]" = "iPhone Developer";
				COPY_PHASE_STRIP = NO;
				GCC_C_LANGUAGE_STANDARD = gnu99;
				GCC_DYNAMIC_NO_PIC = NO;
				GCC_OPTIMIZATION_LEVEL = 0;
				GCC_PREPROCESSOR_DEFINITIONS = (
					"DEBUG=1",
					"$(inherited)",
				);
				GCC_SYMBOLS_PRIVATE_EXTERN = NO;
				GCC_WARN_64_TO_32_BIT_CONVERSION = YES;
				GCC_WARN_ABOUT_RETURN_TYPE = YES_ERROR;
				GCC_WARN_UNDECLARED_SELECTOR = YES;
				GCC_WARN_UNINITIALIZED_AUTOS = YES_AGGRESSIVE;
				GCC_WARN_UNUSED_FUNCTION = YES;
				GCC_WARN_UNUSED_VARIABLE = YES;
				IPHONEOS_DEPLOYMENT_TARGET = 7.1;
				ONLY_ACTIVE_ARCH = YES;
				SDKROOT = iphoneos;
				SKIP_INSTALL = YES;
			};
			name = Debug;
		};
		D5E2A42619A60840004AB4D0 /* Release */ = {
			isa = XCBuildConfiguration;
			buildSettings = {
				ALWAYS_SEARCH_USER_PATHS = NO;
				CLANG_CXX_LANGUAGE_STANDARD = "gnu++0x";
				CLANG_CXX_LIBRARY = "libc++";
				CLANG_ENABLE_MODULES = YES;
				CLANG_ENABLE_OBJC_ARC = YES;
				CLANG_WARN_BOOL_CONVERSION = YES;
				CLANG_WARN_CONSTANT_CONVERSION = YES;
				CLANG_WARN_DIRECT_OBJC_ISA_USAGE = YES_ERROR;
				CLANG_WARN_EMPTY_BODY = YES;
				CLANG_WARN_ENUM_CONVERSION = YES;
				CLANG_WARN_INT_CONVERSION = YES;
				CLANG_WARN_OBJC_ROOT_CLASS = YES_ERROR;
				CLANG_WARN__DUPLICATE_METHOD_MATCH = YES;
				"CODE_SIGN_IDENTITY[sdk=iphoneos*]" = "iPhone Developer";
				COPY_PHASE_STRIP = YES;
				ENABLE_NS_ASSERTIONS = NO;
				GCC_C_LANGUAGE_STANDARD = gnu99;
				GCC_WARN_64_TO_32_BIT_CONVERSION = YES;
				GCC_WARN_ABOUT_RETURN_TYPE = YES_ERROR;
				GCC_WARN_UNDECLARED_SELECTOR = YES;
				GCC_WARN_UNINITIALIZED_AUTOS = YES_AGGRESSIVE;
				GCC_WARN_UNUSED_FUNCTION = YES;
				GCC_WARN_UNUSED_VARIABLE = YES;
				IPHONEOS_DEPLOYMENT_TARGET = 7.1;
				SDKROOT = iphoneos;
				SKIP_INSTALL = YES;
				VALIDATE_PRODUCT = YES;
			};
			name = Release;
		};
		D5E2A42819A60840004AB4D0 /* Debug */ = {
			isa = XCBuildConfiguration;
			buildSettings = {
				ASSETCATALOG_COMPILER_APPICON_NAME = AppIcon;
				ASSETCATALOG_COMPILER_LAUNCHIMAGE_NAME = LaunchImage;
				GCC_PRECOMPILE_PREFIX_HEADER = YES;
				GCC_PREFIX_HEADER = "YourApp/YourApp-Prefix.pch";
				INFOPLIST_FILE = "YourApp/YourApp-Info.plist";
				PRODUCT_NAME = "$(TARGET_NAME)";
				WRAPPER_EXTENSION = app;
			};
			name = Debug;
		};
		D5E2A42919A60840004AB4D0 /* Release */ = {
			isa = XCBuildConfiguration;
			buildSettings = {
				ASSETCATALOG_COMPILER_APPICON_NAME = AppIcon;
				ASSETCATALOG_COMPILER_LAUNCHIMAGE_NAME = LaunchImage;
				GCC_PRECOMPILE_PREFIX_HEADER = YES;
				GCC_PREFIX_HEADER = "YourApp/YourApp-Prefix.pch";
				INFOPLIST_FILE = "YourApp/YourApp-Info.plist";
				PRODUCT_NAME = "$(TARGET_NAME)";
				WRAPPER_EXTENSION = app;
			};
			name = Release;
		};
		D5E2A42B19A60840004AB4D0 /* Debug */ = {
			isa = XCBuildConfiguration;
			buildSettings = {
				BUNDLE_LOADER = "$(BUILT_PRODUCTS_DIR)/YourApp.app/YourApp";
				FRAMEWORK_SEARCH_PATHS = (
					"$(SDKROOT)/Developer/Library/Frameworks",
					"$(inherited)",
					"$(DEVELOPER_FRAMEWORKS_DIR)",
				);
				GCC_PRECOMPILE_PREFIX_HEADER = YES;
				GCC_PREFIX_HEADER = "YourApp/YourApp-Prefix.pch";
				GCC_PREPROCESSOR_DEFINITIONS = (
					"DEBUG=1",
					"$(inherited)",
				);
				INFOPLIST_FILE = "YourAppTests/YourAppTests-Info.plist";
				PRODUCT_NAME = "$(TARGET_NAME)";
				TEST_HOST = "$(BUNDLE_LOADER)";
				WRAPPER_EXTENSION = xctest;
			};
			name = Debug;
		};
		D5E2A42C19A60840004AB4D0 /* Release */ = {
			isa = XCBuildConfiguration;
			buildSettings = {
				BUNDLE_LOADER = "$(BUILT_PRODUCTS_DIR)/YourApp.app/YourApp";
				FRAMEWORK_SEARCH_PATHS = (
					"$(SDKROOT)/Developer/Library/Frameworks",
					"$(inherited)",
					"$(DEVELOPER_FRAMEWORKS_DIR)",
				);
				GCC_PRECOMPILE_PREFIX_HEADER = YES;
				GCC_PREFIX_HEADER = "YourApp/YourApp-Prefix.pch";
				INFOPLIST_FILE = "YourAppTests/YourAppTests-Info.plist";
				PRODUCT_NAME = "$(TARGET_NAME)";
				TEST_HOST = "$(BUNDLE_LOADER)";
				WRAPPER_EXTENSION = xctest;
			};
			name = Release;
		};
/* End XCBuildConfiguration section */

/* Begin XCConfigurationList section */
		D5E2A3F019A60840004AB4D0 /* Build configuration list for PBXProject "YourApp" */ = {
			isa = XCConfigurationList;
			buildConfigurations = (
				D5E2A42519A60840004AB4D0 /* Debug */,
				D5E2A42619A60840004AB4D0 /* Release */,
			);
			defaultConfigurationIsVisible = 0;
			defaultConfigurationName = Release;
		};
		D5E2A42719A60840004AB4D0 /* Build configuration list for PBXNativeTarget "YourApp" */ = {
			isa = XCConfigurationList;
			buildConfigurations = (
				D5E2A42819A60840004AB4D0 /* Debug */,
				D5E2A42919A60840004AB4D0 /* Release */,
			);
			defaultConfigurationIsVisible = 0;
		};
		D5E2A42A19A60840004AB4D0 /* Build configuration list for PBXNativeTarget "YourAppTests" */ = {
			isa = XCConfigurationList;
			buildConfigurations = (
				D5E2A42B19A60840004AB4D0 /* Debug */,
				D5E2A42C19A60840004AB4D0 /* Release */,
			);
			defaultConfigurationIsVisible = 0;
		};
/* End XCConfigurationList section */
	};
	rootObject = D5E2A3ED19A60840004AB4D0 /* Project object */;
}
