// !$*UTF8*$!
{
	archiveVersion = 1;
	classes = {
	};
	objectVersion = 46;
	objects = {

/* Begin PBXAggregateTarget section */
		D5E2A3E319A60755004AB4D0 /* Universal */ = {
			isa = PBXAggregateTarget;
			buildConfigurationList = D5E2A3E419A60755004AB4D0 /* Build configuration list for PBXAggregateTarget "Universal" */;
			buildPhases = (
				D5E2A3E919A607C6004AB4D0 /* Build Framework */,
				D5E2A3EB19A607FA004AB4D0 /* Build Documentation */,
			);
			dependencies = (
				D567C28519A7451C00CE887D /* PBXTargetDependency */,
				D5E2A3E819A60760004AB4D0 /* PBXTargetDependency */,
			);
			name = Universal;
			productName = Universal;
		};
/* End PBXAggregateTarget section */

/* Begin PBXBuildFile section */
		D567C26E19A73A5000CE887D /* YourPrivateClass.h in Headers */ = {isa = PBXBuildFile; fileRef = D567C26C19A73A5000CE887D /* YourPrivateClass.h */; settings = {ATTRIBUTES = (Private, ); }; };
		D567C26F19A73A5000CE887D /* YourPrivateClass.m in Sources */ = {isa = PBXBuildFile; fileRef = D567C26D19A73A5000CE887D /* YourPrivateClass.m */; };
		D567C27719A7435700CE887D /* CoreFoundation.framework in Frameworks */ = {isa = PBXBuildFile; fileRef = D567C27619A7435700CE887D /* CoreFoundation.framework */; };
		D567C28319A744CC00CE887D /* Resource.png in Resources */ = {isa = PBXBuildFile; fileRef = D567C28219A744CC00CE887D /* Resource.png */; };
		D5E2A3BB19A60608004AB4D0 /* Foundation.framework in Frameworks */ = {isa = PBXBuildFile; fileRef = D5E2A3BA19A60608004AB4D0 /* Foundation.framework */; };
		D5E2A3C019A60608004AB4D0 /* YourFramework.h in CopyFiles */ = {isa = PBXBuildFile; fileRef = D5E2A3BF19A60608004AB4D0 /* YourFramework.h */; };
		D5E2A3E119A6064C004AB4D0 /* YourFramework.h in Headers */ = {isa = PBXBuildFile; fileRef = D5E2A3BF19A60608004AB4D0 /* YourFramework.h */; settings = {ATTRIBUTES = (Public, ); }; };
		D5E2A43A19A609E0004AB4D0 /* YourClass.h in Headers */ = {isa = PBXBuildFile; fileRef = D5E2A43819A609E0004AB4D0 /* YourClass.h */; settings = {ATTRIBUTES = (Public, ); }; };
		D5E2A43B19A609E0004AB4D0 /* YourClass.m in Sources */ = {isa = PBXBuildFile; fileRef = D5E2A43919A609E0004AB4D0 /* YourClass.m */; };
/* End PBXBuildFile section */

/* Begin PBXContainerItemProxy section */
		D567C28419A7451C00CE887D /* PBXContainerItemProxy */ = {
			isa = PBXContainerItemProxy;
			containerPortal = D5E2A3AF19A60608004AB4D0 /* Project object */;
			proxyType = 1;
			remoteGlobalIDString = D567C27419A7435700CE887D;
			remoteInfo = Resources;
		};
		D5E2A3E719A60760004AB4D0 /* PBXContainerItemProxy */ = {
			isa = PBXContainerItemProxy;
			containerPortal = D5E2A3AF19A60608004AB4D0 /* Project object */;
			proxyType = 1;
			remoteGlobalIDString = D5E2A3B619A60608004AB4D0;
			remoteInfo = YourFramework;
		};
/* End PBXContainerItemProxy section */

/* Begin PBXCopyFilesBuildPhase section */
		D5E2A3B519A60608004AB4D0 /* CopyFiles */ = {
			isa = PBXCopyFilesBuildPhase;
			buildActionMask = 2147483647;
			dstPath = "include/$(PRODUCT_NAME)";
			dstSubfolderSpec = 16;
			files = (
				D5E2A3C019A60608004AB4D0 /* YourFramework.h in CopyFiles */,
			);
			runOnlyForDeploymentPostprocessing = 0;
		};
/* End PBXCopyFilesBuildPhase section */

/* Begin PBXFileReference section */
		D567C26C19A73A5000CE887D /* YourPrivateClass.h */ = {isa = PBXFileReference; fileEncoding = 4; lastKnownFileType = sourcecode.c.h; path = YourPrivateClass.h; sourceTree = "<group>"; };
		D567C26D19A73A5000CE887D /* YourPrivateClass.m */ = {isa = PBXFileReference; fileEncoding = 4; lastKnownFileType = sourcecode.c.objc; path = YourPrivateClass.m; sourceTree = "<group>"; };
		D567C27519A7435700CE887D /* YourFramework.bundle */ = {isa = PBXFileReference; explicitFileType = wrapper.cfbundle; includeInIndex = 0; path = YourFramework.bundle; sourceTree = BUILT_PRODUCTS_DIR; };
		D567C27619A7435700CE887D /* CoreFoundation.framework */ = {isa = PBXFileReference; lastKnownFileType = wrapper.framework; name = CoreFoundation.framework; path = System/Library/Frameworks/CoreFoundation.framework; sourceTree = SDKROOT; };
		D567C27A19A7435700CE887D /* Resources-Info.plist */ = {isa = PBXFileReference; lastKnownFileType = text.plist.xml; path = "Resources-Info.plist"; sourceTree = "<group>"; };
		D567C27E19A7435700CE887D /* Resources-Prefix.pch */ = {isa = PBXFileReference; lastKnownFileType = sourcecode.c.h; path = "Resources-Prefix.pch"; sourceTree = "<group>"; };
		D567C28219A744CC00CE887D /* Resource.png */ = {isa = PBXFileReference; lastKnownFileType = image.png; path = Resource.png; sourceTree = "<group>"; };
		D5E2A3B719A60608004AB4D0 /* libYourFramework.a */ = {isa = PBXFileReference; explicitFileType = archive.ar; includeInIndex = 0; path = libYourFramework.a; sourceTree = BUILT_PRODUCTS_DIR; };
		D5E2A3BA19A60608004AB4D0 /* Foundation.framework */ = {isa = PBXFileReference; lastKnownFileType = wrapper.framework; name = Foundation.framework; path = System/Library/Frameworks/Foundation.framework; sourceTree = SDKROOT; };
		D5E2A3BE19A60608004AB4D0 /* YourFramework-Prefix.pch */ = {isa = PBXFileReference; lastKnownFileType = sourcecode.c.h; path = "YourFramework-Prefix.pch"; sourceTree = "<group>"; };
		D5E2A3BF19A60608004AB4D0 /* YourFramework.h */ = {isa = PBXFileReference; lastKnownFileType = sourcecode.c.h; path = YourFramework.h; sourceTree = "<group>"; };
		D5E2A3C819A60608004AB4D0 /* XCTest.framework */ = {isa = PBXFileReference; lastKnownFileType = wrapper.framework; name = XCTest.framework; path = Library/Frameworks/XCTest.framework; sourceTree = DEVELOPER_DIR; };
		D5E2A3CB19A60608004AB4D0 /* UIKit.framework */ = {isa = PBXFileReference; lastKnownFileType = wrapper.framework; name = UIKit.framework; path = Library/Frameworks/UIKit.framework; sourceTree = DEVELOPER_DIR; };
		D5E2A43819A609E0004AB4D0 /* YourClass.h */ = {isa = PBXFileReference; fileEncoding = 4; lastKnownFileType = sourcecode.c.h; path = YourClass.h; sourceTree = "<group>"; };
		D5E2A43919A609E0004AB4D0 /* YourClass.m */ = {isa = PBXFileReference; fileEncoding = 4; lastKnownFileType = sourcecode.c.objc; path = YourClass.m; sourceTree = "<group>"; };
/* End PBXFileReference section */

/* Begin PBXFrameworksBuildPhase section */
		D567C27219A7435700CE887D /* Frameworks */ = {
			isa = PBXFrameworksBuildPhase;
			buildActionMask = 2147483647;
			files = (
				D567C27719A7435700CE887D /* CoreFoundation.framework in Frameworks */,
			);
			runOnlyForDeploymentPostprocessing = 0;
		};
		D5E2A3B419A60608004AB4D0 /* Frameworks */ = {
			isa = PBXFrameworksBuildPhase;
			buildActionMask = 2147483647;
			files = (
				D5E2A3BB19A60608004AB4D0 /* Foundation.framework in Frameworks */,
			);
			runOnlyForDeploymentPostprocessing = 0;
		};
/* End PBXFrameworksBuildPhase section */

/* Begin PBXGroup section */
		D567C26B19A73A5000CE887D /* Private */ = {
			isa = PBXGroup;
			children = (
				D567C26C19A73A5000CE887D /* YourPrivateClass.h */,
				D567C26D19A73A5000CE887D /* YourPrivateClass.m */,
			);
			path = Private;
			sourceTree = "<group>";
		};
		D567C27819A7435700CE887D /* Resources */ = {
			isa = PBXGroup;
			children = (
				D567C28219A744CC00CE887D /* Resource.png */,
				D567C27919A7435700CE887D /* Supporting Files */,
			);
			path = Resources;
			sourceTree = "<group>";
		};
		D567C27919A7435700CE887D /* Supporting Files */ = {
			isa = PBXGroup;
			children = (
				D567C27A19A7435700CE887D /* Resources-Info.plist */,
				D567C27E19A7435700CE887D /* Resources-Prefix.pch */,
			);
			name = "Supporting Files";
			sourceTree = "<group>";
		};
		D5E2A3AE19A60608004AB4D0 = {
			isa = PBXGroup;
			children = (
				D5E2A3BC19A60608004AB4D0 /* YourFramework */,
				D567C27819A7435700CE887D /* Resources */,
				D5E2A3B919A60608004AB4D0 /* Frameworks */,
				D5E2A3B819A60608004AB4D0 /* Products */,
			);
			sourceTree = "<group>";
		};
		D5E2A3B819A60608004AB4D0 /* Products */ = {
			isa = PBXGroup;
			children = (
				D5E2A3B719A60608004AB4D0 /* libYourFramework.a */,
				D567C27519A7435700CE887D /* YourFramework.bundle */,
			);
			name = Products;
			sourceTree = "<group>";
		};
		D5E2A3B919A60608004AB4D0 /* Frameworks */ = {
			isa = PBXGroup;
			children = (
				D5E2A3BA19A60608004AB4D0 /* Foundation.framework */,
				D5E2A3C819A60608004AB4D0 /* XCTest.framework */,
				D5E2A3CB19A60608004AB4D0 /* UIKit.framework */,
				D567C27619A7435700CE887D /* CoreFoundation.framework */,
			);
			name = Frameworks;
			sourceTree = "<group>";
		};
		D5E2A3BC19A60608004AB4D0 /* YourFramework */ = {
			isa = PBXGroup;
			children = (
				D567C26B19A73A5000CE887D /* Private */,
				D5E2A3BF19A60608004AB4D0 /* YourFramework.h */,
				D5E2A43819A609E0004AB4D0 /* YourClass.h */,
				D5E2A43919A609E0004AB4D0 /* YourClass.m */,
				D5E2A3BD19A60608004AB4D0 /* Supporting Files */,
			);
			path = YourFramework;
			sourceTree = "<group>";
		};
		D5E2A3BD19A60608004AB4D0 /* Supporting Files */ = {
			isa = PBXGroup;
			children = (
				D5E2A3BE19A60608004AB4D0 /* YourFramework-Prefix.pch */,
			);
			name = "Supporting Files";
			sourceTree = "<group>";
		};
/* End PBXGroup section */

/* Begin PBXHeadersBuildPhase section */
		D5E2A3E019A60639004AB4D0 /* Headers */ = {
			isa = PBXHeadersBuildPhase;
			buildActionMask = 2147483647;
			files = (
				D5E2A43A19A609E0004AB4D0 /* YourClass.h in Headers */,
				D5E2A3E119A6064C004AB4D0 /* YourFramework.h in Headers */,
				D567C26E19A73A5000CE887D /* YourPrivateClass.h in Headers */,
			);
			runOnlyForDeploymentPostprocessing = 0;
		};
/* End PBXHeadersBuildPhase section */

/* Begin PBXNativeTarget section */
		D567C27419A7435700CE887D /* Resources */ = {
			isa = PBXNativeTarget;
			buildConfigurationList = D567C27F19A7435700CE887D /* Build configuration list for PBXNativeTarget "Resources" */;
			buildPhases = (
				D567C27119A7435700CE887D /* Sources */,
				D567C27219A7435700CE887D /* Frameworks */,
				D567C27319A7435700CE887D /* Resources */,
			);
			buildRules = (
			);
			dependencies = (
			);
			name = Resources;
			productName = Resources;
			productReference = D567C27519A7435700CE887D /* YourFramework.bundle */;
			productType = "com.apple.product-type.bundle";
		};
		D5E2A3B619A60608004AB4D0 /* YourFramework */ = {
			isa = PBXNativeTarget;
			buildConfigurationList = D5E2A3DA19A60608004AB4D0 /* Build configuration list for PBXNativeTarget "YourFramework" */;
			buildPhases = (
				D5E2A3B319A60608004AB4D0 /* Sources */,
				D5E2A3B419A60608004AB4D0 /* Frameworks */,
				D5E2A3B519A60608004AB4D0 /* CopyFiles */,
				D5E2A3E019A60639004AB4D0 /* Headers */,
				D5E2A3E219A60730004AB4D0 /* Prepare Framework */,
			);
			buildRules = (
			);
			dependencies = (
			);
			name = YourFramework;
			productName = YourFramework;
			productReference = D5E2A3B719A60608004AB4D0 /* libYourFramework.a */;
			productType = "com.apple.product-type.library.static";
		};
/* End PBXNativeTarget section */

/* Begin PBXProject section */
		D5E2A3AF19A60608004AB4D0 /* Project object */ = {
			isa = PBXProject;
			attributes = {
				LastUpgradeCheck = 0510;
				ORGANIZATIONNAME = Gigigo;
			};
			buildConfigurationList = D5E2A3B219A60608004AB4D0 /* Build configuration list for PBXProject "YourFramework" */;
			compatibilityVersion = "Xcode 3.2";
			developmentRegion = English;
			hasScannedForEncodings = 0;
			knownRegions = (
				en,
			);
			mainGroup = D5E2A3AE19A60608004AB4D0;
			productRefGroup = D5E2A3B819A60608004AB4D0 /* Products */;
			projectDirPath = "";
			projectRoot = "";
			targets = (
				D5E2A3B619A60608004AB4D0 /* YourFramework */,
				D5E2A3E319A60755004AB4D0 /* Universal */,
				D567C27419A7435700CE887D /* Resources */,
			);
		};
/* End PBXProject section */

/* Begin PBXResourcesBuildPhase section */
		D567C27319A7435700CE887D /* Resources */ = {
			isa = PBXResourcesBuildPhase;
			buildActionMask = 2147483647;
			files = (
				D567C28319A744CC00CE887D /* Resource.png in Resources */,
			);
			runOnlyForDeploymentPostprocessing = 0;
		};
/* End PBXResourcesBuildPhase section */

/* Begin PBXShellScriptBuildPhase section */
		D5E2A3E219A60730004AB4D0 /* Prepare Framework */ = {
			isa = PBXShellScriptBuildPhase;
			buildActionMask = 2147483647;
			files = (
			);
			inputPaths = (
			);
			name = "Prepare Framework";
			outputPaths = (
			);
			runOnlyForDeploymentPostprocessing = 0;
			shellPath = /bin/sh;
			shellScript = "set -e\n\nmkdir -p \"${BUILT_PRODUCTS_DIR}/${PRODUCT_NAME}.framework/Versions/A/Headers\"\n\n# Link the \"Current\" version to \"A\"\n/bin/ln -sfh A \"${BUILT_PRODUCTS_DIR}/${PRODUCT_NAME}.framework/Versions/Current\"\n/bin/ln -sfh Versions/Current/Headers \"${BUILT_PRODUCTS_DIR}/${PRODUCT_NAME}.framework/Headers\"\n/bin/ln -sfh \"Versions/Current/${PRODUCT_NAME}\" \"${BUILT_PRODUCTS_DIR}/${PRODUCT_NAME}.framework/${PRODUCT_NAME}\"\n\n# The -a ensures that the headers maintain the source modification date so that we don't constantly\n# cause propagating rebuilds of files that import these headers.\n/bin/cp -a \"${TARGET_BUILD_DIR}/${PUBLIC_HEADERS_FOLDER_PATH}/\" \"${BUILT_PRODUCTS_DIR}/${PRODUCT_NAME}.framework/Versions/A/Headers\"";
		};
		D5E2A3E919A607C6004AB4D0 /* Build Framework */ = {
			isa = PBXShellScriptBuildPhase;
			buildActionMask = 2147483647;
			files = (
			);
			inputPaths = (
			);
			name = "Build Framework";
			outputPaths = (
			);
			runOnlyForDeploymentPostprocessing = 0;
			shellPath = /bin/sh;
			shellScript = "set -e\nset +u\n# Avoid recursively calling this script.\nif [[ $SF_MASTER_SCRIPT_RUNNING ]]\nthen\nexit 0\nfi\nset -u\nexport SF_MASTER_SCRIPT_RUNNING=1\n\nSF_TARGET_NAME=${PROJECT_NAME}\nSF_EXECUTABLE_PATH=\"lib${SF_TARGET_NAME}.a\"\nSF_WRAPPER_NAME=\"${SF_TARGET_NAME}.framework\"\nSF_BUNDLE_NAME=\"${SF_TARGET_NAME}.bundle\"\n\n# The following conditionals come from\n# https://github.com/kstenerud/iOS-Universal-Framework\n\nif [[ \"$SDK_NAME\" =~ ([A-Za-z]+) ]]\nthen\nSF_SDK_PLATFORM=${BASH_REMATCH[1]}\nelse\necho \"Could not find platform name from SDK_NAME: $SDK_NAME\"\nexit 1\nfi\n\nif [[ \"$SDK_NAME\" =~ ([0-9]+.*$) ]]\nthen\nSF_SDK_VERSION=${BASH_REMATCH[1]}\nelse\necho \"Could not find sdk version from SDK_NAME: $SDK_NAME\"\nexit 1\nfi\n\nif [[ \"$SF_SDK_PLATFORM\" = \"iphoneos\" ]]\nthen\nSF_OTHER_PLATFORM=iphonesimulator\nelse\nSF_OTHER_PLATFORM=iphoneos\nfi\n\nif [[ \"$BUILT_PRODUCTS_DIR\" =~ (.*)$SF_SDK_PLATFORM$ ]]\nthen\nSF_OTHER_BUILT_PRODUCTS_DIR=\"${BASH_REMATCH[1]}${SF_OTHER_PLATFORM}\"\nelse\necho \"Could not find platform name from build products directory: $BUILT_PRODUCTS_DIR\"\nexit 1\nfi\n\n# Build the other platform.\nxcrun xcodebuild -project \"${PROJECT_FILE_PATH}\" -target \"${TARGET_NAME}\" -configuration \"${CONFIGURATION}\" -sdk ${SF_OTHER_PLATFORM}${SF_SDK_VERSION} BUILD_DIR=\"${BUILD_DIR}\" OBJROOT=\"${OBJROOT}\" BUILD_ROOT=\"${BUILD_ROOT}\" SYMROOT=\"${SYMROOT}\" $ACTION\n\n# Smash the two static libraries into one fat binary and store it in the .framework\nxcrun lipo -create \"${BUILT_PRODUCTS_DIR}/${SF_EXECUTABLE_PATH}\" \"${SF_OTHER_BUILT_PRODUCTS_DIR}/${SF_EXECUTABLE_PATH}\" -output \"${BUILT_PRODUCTS_DIR}/${SF_WRAPPER_NAME}/Versions/A/${SF_TARGET_NAME}\"\n\n# Copy the binary to the other architecture folder to have a complete framework in both.\ncp -a \"${BUILT_PRODUCTS_DIR}/${SF_WRAPPER_NAME}/Versions/A/${SF_TARGET_NAME}\" \"${SF_OTHER_BUILT_PRODUCTS_DIR}/${SF_WRAPPER_NAME}/Versions/A/${SF_TARGET_NAME}\"\n\nrm -rf \"${PROJECT_DIR}/Framework/\"\nmkdir \"${PROJECT_DIR}/Framework/\"\ncp -rf \"${BUILT_PRODUCTS_DIR}/${SF_WRAPPER_NAME}\" \"${PROJECT_DIR}/Framework/\"\ncp -rf \"${BUILT_PRODUCTS_DIR}/${SF_BUNDLE_NAME}\" \"${PROJECT_DIR}/Framework/\" 2>/dev/null || :";
		};
		D5E2A3EB19A607FA004AB4D0 /* Build Documentation */ = {
			isa = PBXShellScriptBuildPhase;
			buildActionMask = 2147483647;
			files = (
			);
			inputPaths = (
			);
			name = "Build Documentation";
			outputPaths = (
			);
			runOnlyForDeploymentPostprocessing = 0;
			shellPath = /bin/sh;
			shellScript = "#appledoc Xcode script\n# Start constants\ncompany=\"alexruperez\";\ncompanyID=\"com.alexruperez\";\ncompanyURL=\"http://alexruperez.com\";\ntarget=\"iphoneos\";\noutputPath=\"~/help\";\n# End constants\n/usr/local/bin/appledoc \\\n--project-name \"${PROJECT_NAME}\" \\\n--project-company \"${company}\" \\\n--company-id \"${companyID}\" \\\n--docset-atom-filename \"${company}.atom\" \\\n--docset-feed-url \"${companyURL}/${company}/%DOCSETATOMFILENAME\" \\\n--docset-package-url \"${companyURL}/${company}/%DOCSETPACKAGEFILENAME\" \\\n--docset-fallback-url \"${companyURL}/${company}\" \\\n--output \"${outputPath}\" \\\n--ignore \"Private\" \\\n--publish-docset \\\n--docset-platform-family \"${target}\" \\\n--logformat xcode \\\n--keep-intermediate-files \\\n--no-repeat-first-par \\\n--no-warn-invalid-crossref \\\n--exit-threshold 2 \\\n\"${PROJECT_DIR}\"\nrm -rf \"${PROJECT_DIR}/Documentation/\"\nmkdir \"${PROJECT_DIR}/Documentation/\"\ncp -rf ~/help/html/ \"${PROJECT_DIR}/Documentation/\"";
		};
/* End PBXShellScriptBuildPhase section */

/* Begin PBXSourcesBuildPhase section */
		D567C27119A7435700CE887D /* Sources */ = {
			isa = PBXSourcesBuildPhase;
			buildActionMask = 2147483647;
			files = (
			);
			runOnlyForDeploymentPostprocessing = 0;
		};
		D5E2A3B319A60608004AB4D0 /* Sources */ = {
			isa = PBXSourcesBuildPhase;
			buildActionMask = 2147483647;
			files = (
				D5E2A43B19A609E0004AB4D0 /* YourClass.m in Sources */,
				D567C26F19A73A5000CE887D /* YourPrivateClass.m in Sources */,
			);
			runOnlyForDeploymentPostprocessing = 0;
		};
/* End PBXSourcesBuildPhase section */

/* Begin PBXTargetDependency section */
		D567C28519A7451C00CE887D /* PBXTargetDependency */ = {
			isa = PBXTargetDependency;
			target = D567C27419A7435700CE887D /* Resources */;
			targetProxy = D567C28419A7451C00CE887D /* PBXContainerItemProxy */;
		};
		D5E2A3E819A60760004AB4D0 /* PBXTargetDependency */ = {
			isa = PBXTargetDependency;
			target = D5E2A3B619A60608004AB4D0 /* YourFramework */;
			targetProxy = D5E2A3E719A60760004AB4D0 /* PBXContainerItemProxy */;
		};
/* End PBXTargetDependency section */

/* Begin XCBuildConfiguration section */
		D567C28019A7435700CE887D /* Debug */ = {
			isa = XCBuildConfiguration;
			buildSettings = {
				GCC_ENABLE_OBJC_EXCEPTIONS = YES;
				GCC_PRECOMPILE_PREFIX_HEADER = YES;
				GCC_PREFIX_HEADER = "Resources/Resources-Prefix.pch";
				GCC_PREPROCESSOR_DEFINITIONS = (
					"DEBUG=1",
					"$(inherited)",
				);
				INFOPLIST_FILE = "Resources/Resources-Info.plist";
				INSTALL_PATH = "$(LOCAL_LIBRARY_DIR)/Bundles";
				MACOSX_DEPLOYMENT_TARGET = 10.9;
				PRODUCT_NAME = YourFramework;
				WRAPPER_EXTENSION = bundle;
			};
			name = Debug;
		};
		D567C28119A7435700CE887D /* Release */ = {
			isa = XCBuildConfiguration;
			buildSettings = {
				COPY_PHASE_STRIP = YES;
				DEBUG_INFORMATION_FORMAT = "dwarf-with-dsym";
				GCC_ENABLE_OBJC_EXCEPTIONS = YES;
				GCC_PRECOMPILE_PREFIX_HEADER = YES;
				GCC_PREFIX_HEADER = "Resources/Resources-Prefix.pch";
				INFOPLIST_FILE = "Resources/Resources-Info.plist";
				INSTALL_PATH = "$(LOCAL_LIBRARY_DIR)/Bundles";
				MACOSX_DEPLOYMENT_TARGET = 10.9;
				PRODUCT_NAME = YourFramework;
				WRAPPER_EXTENSION = bundle;
			};
			name = Release;
		};
		D5E2A3D819A60608004AB4D0 /* Debug */ = {
			isa = XCBuildConfiguration;
			buildSettings = {
				ALWAYS_SEARCH_USER_PATHS = NO;
				CLANG_CXX_LANGUAGE_STANDARD = "gnu++0x";
				CLANG_CXX_LIBRARY = "libc++";
				CLANG_ENABLE_MODULES = YES;
				CLANG_ENABLE_OBJC_ARC = YES;
				CLANG_WARN_BOOL_CONVERSION = YES;
				CLANG_WARN_CONSTANT_CONVERSION = YES;
				CLANG_WARN_DIRECT_OBJC_ISA_USAGE = YES_ERROR;
				CLANG_WARN_EMPTY_BODY = YES;
				CLANG_WARN_ENUM_CONVERSION = YES;
				CLANG_WARN_INT_CONVERSION = YES;
				CLANG_WARN_OBJC_ROOT_CLASS = YES_ERROR;
				CLANG_WARN__DUPLICATE_METHOD_MATCH = YES;
				COPY_PHASE_STRIP = NO;
				DEAD_CODE_STRIPPING = NO;
				GCC_C_LANGUAGE_STANDARD = gnu99;
				GCC_DYNAMIC_NO_PIC = NO;
				GCC_OPTIMIZATION_LEVEL = 0;
				GCC_PREPROCESSOR_DEFINITIONS = (
					"DEBUG=1",
					"$(inherited)",
				);
				GCC_SYMBOLS_PRIVATE_EXTERN = NO;
				GCC_WARN_64_TO_32_BIT_CONVERSION = YES;
				GCC_WARN_ABOUT_RETURN_TYPE = YES_ERROR;
				GCC_WARN_UNDECLARED_SELECTOR = YES;
				GCC_WARN_UNINITIALIZED_AUTOS = YES_AGGRESSIVE;
				GCC_WARN_UNUSED_FUNCTION = YES;
				GCC_WARN_UNUSED_VARIABLE = YES;
				IPHONEOS_DEPLOYMENT_TARGET = 7.1;
				ONLY_ACTIVE_ARCH = YES;
				SDKROOT = iphoneos;
				SKIP_INSTALL = YES;
				STRIP_STYLE = "non-global";
			};
			name = Debug;
		};
		D5E2A3D919A60608004AB4D0 /* Release */ = {
			isa = XCBuildConfiguration;
			buildSettings = {
				ALWAYS_SEARCH_USER_PATHS = NO;
				CLANG_CXX_LANGUAGE_STANDARD = "gnu++0x";
				CLANG_CXX_LIBRARY = "libc++";
				CLANG_ENABLE_MODULES = YES;
				CLANG_ENABLE_OBJC_ARC = YES;
				CLANG_WARN_BOOL_CONVERSION = YES;
				CLANG_WARN_CONSTANT_CONVERSION = YES;
				CLANG_WARN_DIRECT_OBJC_ISA_USAGE = YES_ERROR;
				CLANG_WARN_EMPTY_BODY = YES;
				CLANG_WARN_ENUM_CONVERSION = YES;
				CLANG_WARN_INT_CONVERSION = YES;
				CLANG_WARN_OBJC_ROOT_CLASS = YES_ERROR;
				CLANG_WARN__DUPLICATE_METHOD_MATCH = YES;
				COPY_PHASE_STRIP = NO;
				DEAD_CODE_STRIPPING = NO;
				ENABLE_NS_ASSERTIONS = NO;
				GCC_C_LANGUAGE_STANDARD = gnu99;
				GCC_WARN_64_TO_32_BIT_CONVERSION = YES;
				GCC_WARN_ABOUT_RETURN_TYPE = YES_ERROR;
				GCC_WARN_UNDECLARED_SELECTOR = YES;
				GCC_WARN_UNINITIALIZED_AUTOS = YES_AGGRESSIVE;
				GCC_WARN_UNUSED_FUNCTION = YES;
				GCC_WARN_UNUSED_VARIABLE = YES;
				IPHONEOS_DEPLOYMENT_TARGET = 7.1;
				SDKROOT = iphoneos;
				SKIP_INSTALL = YES;
				STRIP_STYLE = "non-global";
				VALIDATE_PRODUCT = YES;
			};
			name = Release;
		};
		D5E2A3DB19A60608004AB4D0 /* Debug */ = {
			isa = XCBuildConfiguration;
			buildSettings = {
				DSTROOT = /tmp/YourFramework.dst;
				GCC_PRECOMPILE_PREFIX_HEADER = YES;
				GCC_PREFIX_HEADER = "YourFramework/YourFramework-Prefix.pch";
				OTHER_LDFLAGS = "-ObjC";
				PRODUCT_NAME = "$(TARGET_NAME)";
				PUBLIC_HEADERS_FOLDER_PATH = Headers;
			};
			name = Debug;
		};
		D5E2A3DC19A60608004AB4D0 /* Release */ = {
			isa = XCBuildConfiguration;
			buildSettings = {
				DSTROOT = /tmp/YourFramework.dst;
				GCC_PRECOMPILE_PREFIX_HEADER = YES;
				GCC_PREFIX_HEADER = "YourFramework/YourFramework-Prefix.pch";
				OTHER_LDFLAGS = "-ObjC";
				PRODUCT_NAME = "$(TARGET_NAME)";
				PUBLIC_HEADERS_FOLDER_PATH = Headers;
			};
			name = Release;
		};
		D5E2A3E519A60755004AB4D0 /* Debug */ = {
			isa = XCBuildConfiguration;
			buildSettings = {
				ARCHS = (
					"$(ARCHS_STANDARD)",
					i386,
					x86_64,
				);
				PRODUCT_NAME = "$(TARGET_NAME)";
				VALID_ARCHS = "arm64 armv7 armv7s x86_64 i386";
			};
			name = Debug;
		};
		D5E2A3E619A60755004AB4D0 /* Release */ = {
			isa = XCBuildConfiguration;
			buildSettings = {
				ARCHS = (
					"$(ARCHS_STANDARD)",
					i386,
					x86_64,
				);
				PRODUCT_NAME = "$(TARGET_NAME)";
				VALID_ARCHS = "arm64 armv7 armv7s x86_64 i386";
			};
			name = Release;
		};
/* End XCBuildConfiguration section */

/* Begin XCConfigurationList section */
		D567C27F19A7435700CE887D /* Build configuration list for PBXNativeTarget "Resources" */ = {
			isa = XCConfigurationList;
			buildConfigurations = (
				D567C28019A7435700CE887D /* Debug */,
				D567C28119A7435700CE887D /* Release */,
			);
			defaultConfigurationIsVisible = 0;
		};
		D5E2A3B219A60608004AB4D0 /* Build configuration list for PBXProject "YourFramework" */ = {
			isa = XCConfigurationList;
			buildConfigurations = (
				D5E2A3D819A60608004AB4D0 /* Debug */,
				D5E2A3D919A60608004AB4D0 /* Release */,
			);
			defaultConfigurationIsVisible = 0;
			defaultConfigurationName = Release;
		};
		D5E2A3DA19A60608004AB4D0 /* Build configuration list for PBXNativeTarget "YourFramework" */ = {
			isa = XCConfigurationList;
			buildConfigurations = (
				D5E2A3DB19A60608004AB4D0 /* Debug */,
				D5E2A3DC19A60608004AB4D0 /* Release */,
			);
			defaultConfigurationIsVisible = 0;
			defaultConfigurationName = Release;
		};
		D5E2A3E419A60755004AB4D0 /* Build configuration list for PBXAggregateTarget "Universal" */ = {
			isa = XCConfigurationList;
			buildConfigurations = (
				D5E2A3E519A60755004AB4D0 /* Debug */,
				D5E2A3E619A60755004AB4D0 /* Release */,
			);
			defaultConfigurationIsVisible = 0;
			defaultConfigurationName = Release;
		};
/* End XCConfigurationList section */
	};
	rootObject = D5E2A3AF19A60608004AB4D0 /* Project object */;
}
